// !$*UTF8*$!
{
	archiveVersion = 1;
	classes = {
	};
	objectVersion = 46;
	objects = {

/* Begin PBXBuildFile section */
		686BCB831D099F7E00047C32 /* ViewControllerViewModel.swift in Sources */ = {isa = PBXBuildFile; fileRef = 686BCB821D099F7E00047C32 /* ViewControllerViewModel.swift */; };
		68A7119E1D05AD0C009DFCCB /* AppDelegate.swift in Sources */ = {isa = PBXBuildFile; fileRef = 68A7119D1D05AD0C009DFCCB /* AppDelegate.swift */; };
		68A711A01D05AD0C009DFCCB /* ViewController.swift in Sources */ = {isa = PBXBuildFile; fileRef = 68A7119F1D05AD0C009DFCCB /* ViewController.swift */; };
		68A711A31D05AD0C009DFCCB /* Main.storyboard in Resources */ = {isa = PBXBuildFile; fileRef = 68A711A11D05AD0C009DFCCB /* Main.storyboard */; };
		68A711A51D05AD0C009DFCCB /* Assets.xcassets in Resources */ = {isa = PBXBuildFile; fileRef = 68A711A41D05AD0C009DFCCB /* Assets.xcassets */; };
		68A711A81D05AD0C009DFCCB /* LaunchScreen.storyboard in Resources */ = {isa = PBXBuildFile; fileRef = 68A711A61D05AD0C009DFCCB /* LaunchScreen.storyboard */; };
		68A711B31D05AD0C009DFCCB /* MVVMBindingsTests.swift in Sources */ = {isa = PBXBuildFile; fileRef = 68A711B21D05AD0C009DFCCB /* MVVMBindingsTests.swift */; };
		68A711BE1D05AD0C009DFCCB /* MVVMBindingsUITests.swift in Sources */ = {isa = PBXBuildFile; fileRef = 68A711BD1D05AD0C009DFCCB /* MVVMBindingsUITests.swift */; };
		68A711CD1D05AD7B009DFCCB /* TemperatureConverter.swift in Sources */ = {isa = PBXBuildFile; fileRef = 68A711CC1D05AD7B009DFCCB /* TemperatureConverter.swift */; };
		68A711D01D05AEA4009DFCCB /* Farenheit.swift in Sources */ = {isa = PBXBuildFile; fileRef = 68A711CF1D05AEA4009DFCCB /* Farenheit.swift */; };
		68A711D21D05AF71009DFCCB /* Kelvin.swift in Sources */ = {isa = PBXBuildFile; fileRef = 68A711D11D05AF71009DFCCB /* Kelvin.swift */; };
		68A711D41D05AF79009DFCCB /* Rankine.swift in Sources */ = {isa = PBXBuildFile; fileRef = 68A711D31D05AF79009DFCCB /* Rankine.swift */; };
		68A711D61D05AF82009DFCCB /* Delisle.swift in Sources */ = {isa = PBXBuildFile; fileRef = 68A711D51D05AF82009DFCCB /* Delisle.swift */; };
		68A711D81D05AF8C009DFCCB /* Newton.swift in Sources */ = {isa = PBXBuildFile; fileRef = 68A711D71D05AF8C009DFCCB /* Newton.swift */; };
		68A711DA1D05AF9A009DFCCB /* Réaumur.swift in Sources */ = {isa = PBXBuildFile; fileRef = 68A711D91D05AF9A009DFCCB /* Réaumur.swift */; };
		68A711DC1D05AFA9009DFCCB /* Rømer.swift in Sources */ = {isa = PBXBuildFile; fileRef = 68A711DB1D05AFA9009DFCCB /* Rømer.swift */; };
		68A711E01D064899009DFCCB /* Celcius.swift in Sources */ = {isa = PBXBuildFile; fileRef = 68A711DF1D064899009DFCCB /* Celcius.swift */; };
		B172499DB7B8AF4CF5C715A4 /* Pods_MVVMBindings.framework in Frameworks */ = {isa = PBXBuildFile; fileRef = 1DF80E86B2D4D2120BC449E8 /* Pods_MVVMBindings.framework */; };
		CA091463AE6A5D83A773B966 /* Pods_MVVMBindingsTests.framework in Frameworks */ = {isa = PBXBuildFile; fileRef = 3ECF619AF6A516A89D3E1BCC /* Pods_MVVMBindingsTests.framework */; };
		E372D53C40E77E2C0460648F /* Pods_MVVMBindingsUITests.framework in Frameworks */ = {isa = PBXBuildFile; fileRef = ADBE5781E4C7757E36AEA289 /* Pods_MVVMBindingsUITests.framework */; };
/* End PBXBuildFile section */

/* Begin PBXContainerItemProxy section */
		68A711AF1D05AD0C009DFCCB /* PBXContainerItemProxy */ = {
			isa = PBXContainerItemProxy;
			containerPortal = 68A711921D05AD0B009DFCCB /* Project object */;
			proxyType = 1;
			remoteGlobalIDString = 68A711991D05AD0C009DFCCB;
			remoteInfo = MVVMBindings;
		};
		68A711BA1D05AD0C009DFCCB /* PBXContainerItemProxy */ = {
			isa = PBXContainerItemProxy;
			containerPortal = 68A711921D05AD0B009DFCCB /* Project object */;
			proxyType = 1;
			remoteGlobalIDString = 68A711991D05AD0C009DFCCB;
			remoteInfo = MVVMBindings;
		};
/* End PBXContainerItemProxy section */

/* Begin PBXFileReference section */
		1DF80E86B2D4D2120BC449E8 /* Pods_MVVMBindings.framework */ = {isa = PBXFileReference; explicitFileType = wrapper.framework; includeInIndex = 0; path = Pods_MVVMBindings.framework; sourceTree = BUILT_PRODUCTS_DIR; };
		3ECF619AF6A516A89D3E1BCC /* Pods_MVVMBindingsTests.framework */ = {isa = PBXFileReference; explicitFileType = wrapper.framework; includeInIndex = 0; path = Pods_MVVMBindingsTests.framework; sourceTree = BUILT_PRODUCTS_DIR; };
		56AA65602985E4EB6A7FED07 /* Pods-MVVMBindingsUITests.release.xcconfig */ = {isa = PBXFileReference; includeInIndex = 1; lastKnownFileType = text.xcconfig; name = "Pods-MVVMBindingsUITests.release.xcconfig"; path = "Pods/Target Support Files/Pods-MVVMBindingsUITests/Pods-MVVMBindingsUITests.release.xcconfig"; sourceTree = "<group>"; };
		5B9354362E97636F4B294866 /* Pods-MVVMBindingsTests.debug.xcconfig */ = {isa = PBXFileReference; includeInIndex = 1; lastKnownFileType = text.xcconfig; name = "Pods-MVVMBindingsTests.debug.xcconfig"; path = "Pods/Target Support Files/Pods-MVVMBindingsTests/Pods-MVVMBindingsTests.debug.xcconfig"; sourceTree = "<group>"; };
		5E7B1E0820B69E0C4C5D6C7A /* Pods-MVVMBindingsUITests.debug.xcconfig */ = {isa = PBXFileReference; includeInIndex = 1; lastKnownFileType = text.xcconfig; name = "Pods-MVVMBindingsUITests.debug.xcconfig"; path = "Pods/Target Support Files/Pods-MVVMBindingsUITests/Pods-MVVMBindingsUITests.debug.xcconfig"; sourceTree = "<group>"; };
		686BCB821D099F7E00047C32 /* ViewControllerViewModel.swift */ = {isa = PBXFileReference; fileEncoding = 4; lastKnownFileType = sourcecode.swift; path = ViewControllerViewModel.swift; sourceTree = "<group>"; };
		68A7119A1D05AD0C009DFCCB /* MVVMBindings.app */ = {isa = PBXFileReference; explicitFileType = wrapper.application; includeInIndex = 0; path = MVVMBindings.app; sourceTree = BUILT_PRODUCTS_DIR; };
		68A7119D1D05AD0C009DFCCB /* AppDelegate.swift */ = {isa = PBXFileReference; lastKnownFileType = sourcecode.swift; path = AppDelegate.swift; sourceTree = "<group>"; };
		68A7119F1D05AD0C009DFCCB /* ViewController.swift */ = {isa = PBXFileReference; lastKnownFileType = sourcecode.swift; path = ViewController.swift; sourceTree = "<group>"; };
		68A711A21D05AD0C009DFCCB /* Base */ = {isa = PBXFileReference; lastKnownFileType = file.storyboard; name = Base; path = Base.lproj/Main.storyboard; sourceTree = "<group>"; };
		68A711A41D05AD0C009DFCCB /* Assets.xcassets */ = {isa = PBXFileReference; lastKnownFileType = folder.assetcatalog; path = Assets.xcassets; sourceTree = "<group>"; };
		68A711A71D05AD0C009DFCCB /* Base */ = {isa = PBXFileReference; lastKnownFileType = file.storyboard; name = Base; path = Base.lproj/LaunchScreen.storyboard; sourceTree = "<group>"; };
		68A711A91D05AD0C009DFCCB /* Info.plist */ = {isa = PBXFileReference; lastKnownFileType = text.plist.xml; path = Info.plist; sourceTree = "<group>"; };
		68A711AE1D05AD0C009DFCCB /* MVVMBindingsTests.xctest */ = {isa = PBXFileReference; explicitFileType = wrapper.cfbundle; includeInIndex = 0; path = MVVMBindingsTests.xctest; sourceTree = BUILT_PRODUCTS_DIR; };
		68A711B21D05AD0C009DFCCB /* MVVMBindingsTests.swift */ = {isa = PBXFileReference; lastKnownFileType = sourcecode.swift; path = MVVMBindingsTests.swift; sourceTree = "<group>"; };
		68A711B41D05AD0C009DFCCB /* Info.plist */ = {isa = PBXFileReference; lastKnownFileType = text.plist.xml; path = Info.plist; sourceTree = "<group>"; };
		68A711B91D05AD0C009DFCCB /* MVVMBindingsUITests.xctest */ = {isa = PBXFileReference; explicitFileType = wrapper.cfbundle; includeInIndex = 0; path = MVVMBindingsUITests.xctest; sourceTree = BUILT_PRODUCTS_DIR; };
		68A711BD1D05AD0C009DFCCB /* MVVMBindingsUITests.swift */ = {isa = PBXFileReference; lastKnownFileType = sourcecode.swift; path = MVVMBindingsUITests.swift; sourceTree = "<group>"; };
		68A711BF1D05AD0C009DFCCB /* Info.plist */ = {isa = PBXFileReference; lastKnownFileType = text.plist.xml; path = Info.plist; sourceTree = "<group>"; };
		68A711CC1D05AD7B009DFCCB /* TemperatureConverter.swift */ = {isa = PBXFileReference; fileEncoding = 4; lastKnownFileType = sourcecode.swift; path = TemperatureConverter.swift; sourceTree = "<group>"; };
		68A711CF1D05AEA4009DFCCB /* Farenheit.swift */ = {isa = PBXFileReference; fileEncoding = 4; lastKnownFileType = sourcecode.swift; path = Farenheit.swift; sourceTree = "<group>"; };
		68A711D11D05AF71009DFCCB /* Kelvin.swift */ = {isa = PBXFileReference; fileEncoding = 4; lastKnownFileType = sourcecode.swift; path = Kelvin.swift; sourceTree = "<group>"; };
		68A711D31D05AF79009DFCCB /* Rankine.swift */ = {isa = PBXFileReference; fileEncoding = 4; lastKnownFileType = sourcecode.swift; path = Rankine.swift; sourceTree = "<group>"; };
		68A711D51D05AF82009DFCCB /* Delisle.swift */ = {isa = PBXFileReference; fileEncoding = 4; lastKnownFileType = sourcecode.swift; path = Delisle.swift; sourceTree = "<group>"; };
		68A711D71D05AF8C009DFCCB /* Newton.swift */ = {isa = PBXFileReference; fileEncoding = 4; lastKnownFileType = sourcecode.swift; path = Newton.swift; sourceTree = "<group>"; };
		68A711D91D05AF9A009DFCCB /* Réaumur.swift */ = {isa = PBXFileReference; fileEncoding = 4; lastKnownFileType = sourcecode.swift; path = "Réaumur.swift"; sourceTree = "<group>"; };
		68A711DB1D05AFA9009DFCCB /* Rømer.swift */ = {isa = PBXFileReference; fileEncoding = 4; lastKnownFileType = sourcecode.swift; path = "Rømer.swift"; sourceTree = "<group>"; };
		68A711DF1D064899009DFCCB /* Celcius.swift */ = {isa = PBXFileReference; fileEncoding = 4; lastKnownFileType = sourcecode.swift; path = Celcius.swift; sourceTree = "<group>"; };
		9E62BD449A75F432117C475F /* Pods-MVVMBindings.release.xcconfig */ = {isa = PBXFileReference; includeInIndex = 1; lastKnownFileType = text.xcconfig; name = "Pods-MVVMBindings.release.xcconfig"; path = "Pods/Target Support Files/Pods-MVVMBindings/Pods-MVVMBindings.release.xcconfig"; sourceTree = "<group>"; };
		ADBE5781E4C7757E36AEA289 /* Pods_MVVMBindingsUITests.framework */ = {isa = PBXFileReference; explicitFileType = wrapper.framework; includeInIndex = 0; path = Pods_MVVMBindingsUITests.framework; sourceTree = BUILT_PRODUCTS_DIR; };
		C5DF847B68E2581DB6BCA2DD /* Pods-MVVMBindingsTests.release.xcconfig */ = {isa = PBXFileReference; includeInIndex = 1; lastKnownFileType = text.xcconfig; name = "Pods-MVVMBindingsTests.release.xcconfig"; path = "Pods/Target Support Files/Pods-MVVMBindingsTests/Pods-MVVMBindingsTests.release.xcconfig"; sourceTree = "<group>"; };
		EF70BBC584C36E621B1B48C7 /* Pods-MVVMBindings.debug.xcconfig */ = {isa = PBXFileReference; includeInIndex = 1; lastKnownFileType = text.xcconfig; name = "Pods-MVVMBindings.debug.xcconfig"; path = "Pods/Target Support Files/Pods-MVVMBindings/Pods-MVVMBindings.debug.xcconfig"; sourceTree = "<group>"; };
/* End PBXFileReference section */

/* Begin PBXFrameworksBuildPhase section */
		68A711971D05AD0C009DFCCB /* Frameworks */ = {
			isa = PBXFrameworksBuildPhase;
			buildActionMask = 2147483647;
			files = (
				B172499DB7B8AF4CF5C715A4 /* Pods_MVVMBindings.framework in Frameworks */,
			);
			runOnlyForDeploymentPostprocessing = 0;
		};
		68A711AB1D05AD0C009DFCCB /* Frameworks */ = {
			isa = PBXFrameworksBuildPhase;
			buildActionMask = 2147483647;
			files = (
				CA091463AE6A5D83A773B966 /* Pods_MVVMBindingsTests.framework in Frameworks */,
			);
			runOnlyForDeploymentPostprocessing = 0;
		};
		68A711B61D05AD0C009DFCCB /* Frameworks */ = {
			isa = PBXFrameworksBuildPhase;
			buildActionMask = 2147483647;
			files = (
				E372D53C40E77E2C0460648F /* Pods_MVVMBindingsUITests.framework in Frameworks */,
			);
			runOnlyForDeploymentPostprocessing = 0;
		};
/* End PBXFrameworksBuildPhase section */

/* Begin PBXGroup section */
		07C3177371B9CC19431CC9C7 /* Frameworks */ = {
			isa = PBXGroup;
			children = (
				1DF80E86B2D4D2120BC449E8 /* Pods_MVVMBindings.framework */,
				3ECF619AF6A516A89D3E1BCC /* Pods_MVVMBindingsTests.framework */,
				ADBE5781E4C7757E36AEA289 /* Pods_MVVMBindingsUITests.framework */,
			);
			name = Frameworks;
			sourceTree = "<group>";
		};
		68A711911D05AD0B009DFCCB = {
			isa = PBXGroup;
			children = (
				68A7119C1D05AD0C009DFCCB /* MVVMBindings */,
				68A711B11D05AD0C009DFCCB /* MVVMBindingsTests */,
				68A711BC1D05AD0C009DFCCB /* MVVMBindingsUITests */,
				68A7119B1D05AD0C009DFCCB /* Products */,
				F85C89FCA3865DB95A8739E7 /* Pods */,
				07C3177371B9CC19431CC9C7 /* Frameworks */,
			);
			sourceTree = "<group>";
		};
		68A7119B1D05AD0C009DFCCB /* Products */ = {
			isa = PBXGroup;
			children = (
				68A7119A1D05AD0C009DFCCB /* MVVMBindings.app */,
				68A711AE1D05AD0C009DFCCB /* MVVMBindingsTests.xctest */,
				68A711B91D05AD0C009DFCCB /* MVVMBindingsUITests.xctest */,
			);
			name = Products;
			sourceTree = "<group>";
		};
		68A7119C1D05AD0C009DFCCB /* MVVMBindings */ = {
			isa = PBXGroup;
			children = (
				68A711CE1D05AE92009DFCCB /* models */,
				68A711CB1D05AD66009DFCCB /* protocols */,
				68A7119D1D05AD0C009DFCCB /* AppDelegate.swift */,
				68A7119F1D05AD0C009DFCCB /* ViewController.swift */,
				686BCB821D099F7E00047C32 /* ViewControllerViewModel.swift */,
				68A711A11D05AD0C009DFCCB /* Main.storyboard */,
				68A711A41D05AD0C009DFCCB /* Assets.xcassets */,
				68A711A61D05AD0C009DFCCB /* LaunchScreen.storyboard */,
				68A711A91D05AD0C009DFCCB /* Info.plist */,
			);
			path = MVVMBindings;
			sourceTree = "<group>";
		};
		68A711B11D05AD0C009DFCCB /* MVVMBindingsTests */ = {
			isa = PBXGroup;
			children = (
				68A711B21D05AD0C009DFCCB /* MVVMBindingsTests.swift */,
				68A711B41D05AD0C009DFCCB /* Info.plist */,
			);
			path = MVVMBindingsTests;
			sourceTree = "<group>";
		};
		68A711BC1D05AD0C009DFCCB /* MVVMBindingsUITests */ = {
			isa = PBXGroup;
			children = (
				68A711BD1D05AD0C009DFCCB /* MVVMBindingsUITests.swift */,
				68A711BF1D05AD0C009DFCCB /* Info.plist */,
			);
			path = MVVMBindingsUITests;
			sourceTree = "<group>";
		};
		68A711CB1D05AD66009DFCCB /* protocols */ = {
			isa = PBXGroup;
			children = (
				68A711CC1D05AD7B009DFCCB /* TemperatureConverter.swift */,
			);
			path = protocols;
			sourceTree = "<group>";
		};
		68A711CE1D05AE92009DFCCB /* models */ = {
			isa = PBXGroup;
			children = (
				68A711CF1D05AEA4009DFCCB /* Farenheit.swift */,
				68A711D11D05AF71009DFCCB /* Kelvin.swift */,
				68A711D31D05AF79009DFCCB /* Rankine.swift */,
				68A711D51D05AF82009DFCCB /* Delisle.swift */,
				68A711D71D05AF8C009DFCCB /* Newton.swift */,
				68A711D91D05AF9A009DFCCB /* Réaumur.swift */,
				68A711DB1D05AFA9009DFCCB /* Rømer.swift */,
				68A711DF1D064899009DFCCB /* Celcius.swift */,
			);
			path = models;
			sourceTree = "<group>";
		};
		F85C89FCA3865DB95A8739E7 /* Pods */ = {
			isa = PBXGroup;
			children = (
				EF70BBC584C36E621B1B48C7 /* Pods-MVVMBindings.debug.xcconfig */,
				9E62BD449A75F432117C475F /* Pods-MVVMBindings.release.xcconfig */,
				5B9354362E97636F4B294866 /* Pods-MVVMBindingsTests.debug.xcconfig */,
				C5DF847B68E2581DB6BCA2DD /* Pods-MVVMBindingsTests.release.xcconfig */,
				5E7B1E0820B69E0C4C5D6C7A /* Pods-MVVMBindingsUITests.debug.xcconfig */,
				56AA65602985E4EB6A7FED07 /* Pods-MVVMBindingsUITests.release.xcconfig */,
			);
			name = Pods;
			sourceTree = "<group>";
		};
/* End PBXGroup section */

/* Begin PBXNativeTarget section */
		68A711991D05AD0C009DFCCB /* MVVMBindings */ = {
			isa = PBXNativeTarget;
			buildConfigurationList = 68A711C21D05AD0C009DFCCB /* Build configuration list for PBXNativeTarget "MVVMBindings" */;
			buildPhases = (
				71D852DD0F904646D4C03849 /* [CP] Check Pods Manifest.lock */,
				68A711961D05AD0C009DFCCB /* Sources */,
				68A711971D05AD0C009DFCCB /* Frameworks */,
				68A711981D05AD0C009DFCCB /* Resources */,
				D532017B485F51B0525E2984 /* [CP] Embed Pods Frameworks */,
				CC11B77D490C15BDD7DB31D2 /* [CP] Copy Pods Resources */,
			);
			buildRules = (
			);
			dependencies = (
			);
			name = MVVMBindings;
			productName = MVVMBindings;
			productReference = 68A7119A1D05AD0C009DFCCB /* MVVMBindings.app */;
			productType = "com.apple.product-type.application";
		};
		68A711AD1D05AD0C009DFCCB /* MVVMBindingsTests */ = {
			isa = PBXNativeTarget;
			buildConfigurationList = 68A711C51D05AD0C009DFCCB /* Build configuration list for PBXNativeTarget "MVVMBindingsTests" */;
			buildPhases = (
				682E6DE5DD709B1F38B75238 /* [CP] Check Pods Manifest.lock */,
				68A711AA1D05AD0C009DFCCB /* Sources */,
				68A711AB1D05AD0C009DFCCB /* Frameworks */,
				68A711AC1D05AD0C009DFCCB /* Resources */,
				4A6CCA15B6788A3F4DF3C9CD /* [CP] Embed Pods Frameworks */,
				56A6D06A00F1B2EE44325B71 /* [CP] Copy Pods Resources */,
			);
			buildRules = (
			);
			dependencies = (
				68A711B01D05AD0C009DFCCB /* PBXTargetDependency */,
			);
			name = MVVMBindingsTests;
			productName = MVVMBindingsTests;
			productReference = 68A711AE1D05AD0C009DFCCB /* MVVMBindingsTests.xctest */;
			productType = "com.apple.product-type.bundle.unit-test";
		};
		68A711B81D05AD0C009DFCCB /* MVVMBindingsUITests */ = {
			isa = PBXNativeTarget;
			buildConfigurationList = 68A711C81D05AD0C009DFCCB /* Build configuration list for PBXNativeTarget "MVVMBindingsUITests" */;
			buildPhases = (
				4EF095A1A440AA91AB4DA232 /* [CP] Check Pods Manifest.lock */,
				68A711B51D05AD0C009DFCCB /* Sources */,
				68A711B61D05AD0C009DFCCB /* Frameworks */,
				68A711B71D05AD0C009DFCCB /* Resources */,
				7027F4A4CB9B815C439981B6 /* [CP] Copy Pods Resources */,
			);
			buildRules = (
			);
			dependencies = (
				68A711BB1D05AD0C009DFCCB /* PBXTargetDependency */,
			);
			name = MVVMBindingsUITests;
			productName = MVVMBindingsUITests;
			productReference = 68A711B91D05AD0C009DFCCB /* MVVMBindingsUITests.xctest */;
			productType = "com.apple.product-type.bundle.ui-testing";
		};
/* End PBXNativeTarget section */

/* Begin PBXProject section */
		68A711921D05AD0B009DFCCB /* Project object */ = {
			isa = PBXProject;
			attributes = {
				LastSwiftUpdateCheck = 0730;
				LastUpgradeCheck = 0730;
				ORGANIZATIONNAME = intrepid;
				TargetAttributes = {
					68A711991D05AD0C009DFCCB = {
						CreatedOnToolsVersion = 7.3.1;
					};
					68A711AD1D05AD0C009DFCCB = {
						CreatedOnToolsVersion = 7.3.1;
						TestTargetID = 68A711991D05AD0C009DFCCB;
					};
					68A711B81D05AD0C009DFCCB = {
						CreatedOnToolsVersion = 7.3.1;
						TestTargetID = 68A711991D05AD0C009DFCCB;
					};
				};
			};
			buildConfigurationList = 68A711951D05AD0B009DFCCB /* Build configuration list for PBXProject "MVVMBindings" */;
			compatibilityVersion = "Xcode 3.2";
			developmentRegion = English;
			hasScannedForEncodings = 0;
			knownRegions = (
				en,
				Base,
			);
			mainGroup = 68A711911D05AD0B009DFCCB;
			productRefGroup = 68A7119B1D05AD0C009DFCCB /* Products */;
			projectDirPath = "";
			projectRoot = "";
			targets = (
				68A711991D05AD0C009DFCCB /* MVVMBindings */,
				68A711AD1D05AD0C009DFCCB /* MVVMBindingsTests */,
				68A711B81D05AD0C009DFCCB /* MVVMBindingsUITests */,
			);
		};
/* End PBXProject section */

/* Begin PBXResourcesBuildPhase section */
		68A711981D05AD0C009DFCCB /* Resources */ = {
			isa = PBXResourcesBuildPhase;
			buildActionMask = 2147483647;
			files = (
				68A711A81D05AD0C009DFCCB /* LaunchScreen.storyboard in Resources */,
				68A711A51D05AD0C009DFCCB /* Assets.xcassets in Resources */,
				68A711A31D05AD0C009DFCCB /* Main.storyboard in Resources */,
			);
			runOnlyForDeploymentPostprocessing = 0;
		};
		68A711AC1D05AD0C009DFCCB /* Resources */ = {
			isa = PBXResourcesBuildPhase;
			buildActionMask = 2147483647;
			files = (
			);
			runOnlyForDeploymentPostprocessing = 0;
		};
		68A711B71D05AD0C009DFCCB /* Resources */ = {
			isa = PBXResourcesBuildPhase;
			buildActionMask = 2147483647;
			files = (
			);
			runOnlyForDeploymentPostprocessing = 0;
		};
/* End PBXResourcesBuildPhase section */

/* Begin PBXShellScriptBuildPhase section */
		4A6CCA15B6788A3F4DF3C9CD /* [CP] Embed Pods Frameworks */ = {
			isa = PBXShellScriptBuildPhase;
			buildActionMask = 2147483647;
			files = (
			);
			inputPaths = (
			);
			name = "[CP] Embed Pods Frameworks";
			outputPaths = (
			);
			runOnlyForDeploymentPostprocessing = 0;
			shellPath = /bin/sh;
			shellScript = "\"${SRCROOT}/Pods/Target Support Files/Pods-MVVMBindingsTests/Pods-MVVMBindingsTests-frameworks.sh\"\n";
			showEnvVarsInLog = 0;
		};
		4EF095A1A440AA91AB4DA232 /* [CP] Check Pods Manifest.lock */ = {
			isa = PBXShellScriptBuildPhase;
			buildActionMask = 2147483647;
			files = (
			);
			inputPaths = (
			);
			name = "[CP] Check Pods Manifest.lock";
			outputPaths = (
			);
			runOnlyForDeploymentPostprocessing = 0;
			shellPath = /bin/sh;
			shellScript = "diff \"${PODS_ROOT}/../Podfile.lock\" \"${PODS_ROOT}/Manifest.lock\" > /dev/null\nif [[ $? != 0 ]] ; then\n    cat << EOM\nerror: The sandbox is not in sync with the Podfile.lock. Run 'pod install' or update your CocoaPods installation.\nEOM\n    exit 1\nfi\n";
			showEnvVarsInLog = 0;
		};
		56A6D06A00F1B2EE44325B71 /* [CP] Copy Pods Resources */ = {
			isa = PBXShellScriptBuildPhase;
			buildActionMask = 2147483647;
			files = (
			);
			inputPaths = (
			);
			name = "[CP] Copy Pods Resources";
			outputPaths = (
			);
			runOnlyForDeploymentPostprocessing = 0;
			shellPath = /bin/sh;
			shellScript = "\"${SRCROOT}/Pods/Target Support Files/Pods-MVVMBindingsTests/Pods-MVVMBindingsTests-resources.sh\"\n";
			showEnvVarsInLog = 0;
		};
		682E6DE5DD709B1F38B75238 /* [CP] Check Pods Manifest.lock */ = {
			isa = PBXShellScriptBuildPhase;
			buildActionMask = 2147483647;
			files = (
			);
			inputPaths = (
			);
			name = "[CP] Check Pods Manifest.lock";
			outputPaths = (
			);
			runOnlyForDeploymentPostprocessing = 0;
			shellPath = /bin/sh;
			shellScript = "diff \"${PODS_ROOT}/../Podfile.lock\" \"${PODS_ROOT}/Manifest.lock\" > /dev/null\nif [[ $? != 0 ]] ; then\n    cat << EOM\nerror: The sandbox is not in sync with the Podfile.lock. Run 'pod install' or update your CocoaPods installation.\nEOM\n    exit 1\nfi\n";
			showEnvVarsInLog = 0;
		};
		7027F4A4CB9B815C439981B6 /* [CP] Copy Pods Resources */ = {
			isa = PBXShellScriptBuildPhase;
			buildActionMask = 2147483647;
			files = (
			);
			inputPaths = (
			);
			name = "[CP] Copy Pods Resources";
			outputPaths = (
			);
			runOnlyForDeploymentPostprocessing = 0;
			shellPath = /bin/sh;
			shellScript = "\"${SRCROOT}/Pods/Target Support Files/Pods-MVVMBindingsUITests/Pods-MVVMBindingsUITests-resources.sh\"\n";
			showEnvVarsInLog = 0;
		};
		71D852DD0F904646D4C03849 /* [CP] Check Pods Manifest.lock */ = {
			isa = PBXShellScriptBuildPhase;
			buildActionMask = 2147483647;
			files = (
			);
			inputPaths = (
			);
			name = "[CP] Check Pods Manifest.lock";
			outputPaths = (
			);
			runOnlyForDeploymentPostprocessing = 0;
			shellPath = /bin/sh;
			shellScript = "diff \"${PODS_ROOT}/../Podfile.lock\" \"${PODS_ROOT}/Manifest.lock\" > /dev/null\nif [[ $? != 0 ]] ; then\n    cat << EOM\nerror: The sandbox is not in sync with the Podfile.lock. Run 'pod install' or update your CocoaPods installation.\nEOM\n    exit 1\nfi\n";
			showEnvVarsInLog = 0;
		};
		CC11B77D490C15BDD7DB31D2 /* [CP] Copy Pods Resources */ = {
			isa = PBXShellScriptBuildPhase;
			buildActionMask = 2147483647;
			files = (
			);
			inputPaths = (
			);
			name = "[CP] Copy Pods Resources";
			outputPaths = (
			);
			runOnlyForDeploymentPostprocessing = 0;
			shellPath = /bin/sh;
			shellScript = "\"${SRCROOT}/Pods/Target Support Files/Pods-MVVMBindings/Pods-MVVMBindings-resources.sh\"\n";
			showEnvVarsInLog = 0;
		};
		D532017B485F51B0525E2984 /* [CP] Embed Pods Frameworks */ = {
			isa = PBXShellScriptBuildPhase;
			buildActionMask = 2147483647;
			files = (
			);
			inputPaths = (
			);
			name = "[CP] Embed Pods Frameworks";
			outputPaths = (
			);
			runOnlyForDeploymentPostprocessing = 0;
			shellPath = /bin/sh;
			shellScript = "\"${SRCROOT}/Pods/Target Support Files/Pods-MVVMBindings/Pods-MVVMBindings-frameworks.sh\"\n";
			showEnvVarsInLog = 0;
		};
/* End PBXShellScriptBuildPhase section */

/* Begin PBXSourcesBuildPhase section */
		68A711961D05AD0C009DFCCB /* Sources */ = {
			isa = PBXSourcesBuildPhase;
			buildActionMask = 2147483647;
			files = (
				68A711D01D05AEA4009DFCCB /* Farenheit.swift in Sources */,
				68A711D21D05AF71009DFCCB /* Kelvin.swift in Sources */,
				68A711D81D05AF8C009DFCCB /* Newton.swift in Sources */,
				68A711CD1D05AD7B009DFCCB /* TemperatureConverter.swift in Sources */,
				68A711A01D05AD0C009DFCCB /* ViewController.swift in Sources */,
				68A711DA1D05AF9A009DFCCB /* Réaumur.swift in Sources */,
				68A711D61D05AF82009DFCCB /* Delisle.swift in Sources */,
				686BCB831D099F7E00047C32 /* ViewControllerViewModel.swift in Sources */,
				68A711D41D05AF79009DFCCB /* Rankine.swift in Sources */,
				68A711DC1D05AFA9009DFCCB /* Rømer.swift in Sources */,
				68A711E01D064899009DFCCB /* Celcius.swift in Sources */,
				68A7119E1D05AD0C009DFCCB /* AppDelegate.swift in Sources */,
			);
			runOnlyForDeploymentPostprocessing = 0;
		};
		68A711AA1D05AD0C009DFCCB /* Sources */ = {
			isa = PBXSourcesBuildPhase;
			buildActionMask = 2147483647;
			files = (
				68A711B31D05AD0C009DFCCB /* MVVMBindingsTests.swift in Sources */,
			);
			runOnlyForDeploymentPostprocessing = 0;
		};
		68A711B51D05AD0C009DFCCB /* Sources */ = {
			isa = PBXSourcesBuildPhase;
			buildActionMask = 2147483647;
			files = (
				68A711BE1D05AD0C009DFCCB /* MVVMBindingsUITests.swift in Sources */,
			);
			runOnlyForDeploymentPostprocessing = 0;
		};
/* End PBXSourcesBuildPhase section */

/* Begin PBXTargetDependency section */
		68A711B01D05AD0C009DFCCB /* PBXTargetDependency */ = {
			isa = PBXTargetDependency;
			target = 68A711991D05AD0C009DFCCB /* MVVMBindings */;
			targetProxy = 68A711AF1D05AD0C009DFCCB /* PBXContainerItemProxy */;
		};
		68A711BB1D05AD0C009DFCCB /* PBXTargetDependency */ = {
			isa = PBXTargetDependency;
			target = 68A711991D05AD0C009DFCCB /* MVVMBindings */;
			targetProxy = 68A711BA1D05AD0C009DFCCB /* PBXContainerItemProxy */;
		};
/* End PBXTargetDependency section */

/* Begin PBXVariantGroup section */
		68A711A11D05AD0C009DFCCB /* Main.storyboard */ = {
			isa = PBXVariantGroup;
			children = (
				68A711A21D05AD0C009DFCCB /* Base */,
			);
			name = Main.storyboard;
			sourceTree = "<group>";
		};
		68A711A61D05AD0C009DFCCB /* LaunchScreen.storyboard */ = {
			isa = PBXVariantGroup;
			children = (
				68A711A71D05AD0C009DFCCB /* Base */,
			);
			name = LaunchScreen.storyboard;
			sourceTree = "<group>";
		};
/* End PBXVariantGroup section */

/* Begin XCBuildConfiguration section */
		68A711C01D05AD0C009DFCCB /* Debug */ = {
			isa = XCBuildConfiguration;
			buildSettings = {
				ALWAYS_SEARCH_USER_PATHS = NO;
				CLANG_ANALYZER_NONNULL = YES;
				CLANG_CXX_LANGUAGE_STANDARD = "gnu++0x";
				CLANG_CXX_LIBRARY = "libc++";
				CLANG_ENABLE_MODULES = YES;
				CLANG_ENABLE_OBJC_ARC = YES;
				CLANG_WARN_BOOL_CONVERSION = YES;
				CLANG_WARN_CONSTANT_CONVERSION = YES;
				CLANG_WARN_DIRECT_OBJC_ISA_USAGE = YES_ERROR;
				CLANG_WARN_EMPTY_BODY = YES;
				CLANG_WARN_ENUM_CONVERSION = YES;
				CLANG_WARN_INT_CONVERSION = YES;
				CLANG_WARN_OBJC_ROOT_CLASS = YES_ERROR;
				CLANG_WARN_UNREACHABLE_CODE = YES;
				CLANG_WARN__DUPLICATE_METHOD_MATCH = YES;
				"CODE_SIGN_IDENTITY[sdk=iphoneos*]" = "iPhone Developer";
				COPY_PHASE_STRIP = NO;
				DEBUG_INFORMATION_FORMAT = dwarf;
				ENABLE_STRICT_OBJC_MSGSEND = YES;
				ENABLE_TESTABILITY = YES;
				GCC_C_LANGUAGE_STANDARD = gnu99;
				GCC_DYNAMIC_NO_PIC = NO;
				GCC_NO_COMMON_BLOCKS = YES;
				GCC_OPTIMIZATION_LEVEL = 0;
				GCC_PREPROCESSOR_DEFINITIONS = (
					"DEBUG=1",
					"$(inherited)",
				);
				GCC_WARN_64_TO_32_BIT_CONVERSION = YES;
				GCC_WARN_ABOUT_RETURN_TYPE = YES_ERROR;
				GCC_WARN_UNDECLARED_SELECTOR = YES;
				GCC_WARN_UNINITIALIZED_AUTOS = YES_AGGRESSIVE;
				GCC_WARN_UNUSED_FUNCTION = YES;
				GCC_WARN_UNUSED_VARIABLE = YES;
				IPHONEOS_DEPLOYMENT_TARGET = 9.3;
				MTL_ENABLE_DEBUG_INFO = YES;
				ONLY_ACTIVE_ARCH = YES;
				SDKROOT = iphoneos;
				SWIFT_OPTIMIZATION_LEVEL = "-Onone";
				TARGETED_DEVICE_FAMILY = "1,2";
			};
			name = Debug;
		};
		68A711C11D05AD0C009DFCCB /* Release */ = {
			isa = XCBuildConfiguration;
			buildSettings = {
				ALWAYS_SEARCH_USER_PATHS = NO;
				CLANG_ANALYZER_NONNULL = YES;
				CLANG_CXX_LANGUAGE_STANDARD = "gnu++0x";
				CLANG_CXX_LIBRARY = "libc++";
				CLANG_ENABLE_MODULES = YES;
				CLANG_ENABLE_OBJC_ARC = YES;
				CLANG_WARN_BOOL_CONVERSION = YES;
				CLANG_WARN_CONSTANT_CONVERSION = YES;
				CLANG_WARN_DIRECT_OBJC_ISA_USAGE = YES_ERROR;
				CLANG_WARN_EMPTY_BODY = YES;
				CLANG_WARN_ENUM_CONVERSION = YES;
				CLANG_WARN_INT_CONVERSION = YES;
				CLANG_WARN_OBJC_ROOT_CLASS = YES_ERROR;
				CLANG_WARN_UNREACHABLE_CODE = YES;
				CLANG_WARN__DUPLICATE_METHOD_MATCH = YES;
				"CODE_SIGN_IDENTITY[sdk=iphoneos*]" = "iPhone Developer";
				COPY_PHASE_STRIP = NO;
				DEBUG_INFORMATION_FORMAT = "dwarf-with-dsym";
				ENABLE_NS_ASSERTIONS = NO;
				ENABLE_STRICT_OBJC_MSGSEND = YES;
				GCC_C_LANGUAGE_STANDARD = gnu99;
				GCC_NO_COMMON_BLOCKS = YES;
				GCC_WARN_64_TO_32_BIT_CONVERSION = YES;
				GCC_WARN_ABOUT_RETURN_TYPE = YES_ERROR;
				GCC_WARN_UNDECLARED_SELECTOR = YES;
				GCC_WARN_UNINITIALIZED_AUTOS = YES_AGGRESSIVE;
				GCC_WARN_UNUSED_FUNCTION = YES;
				GCC_WARN_UNUSED_VARIABLE = YES;
				IPHONEOS_DEPLOYMENT_TARGET = 9.3;
				MTL_ENABLE_DEBUG_INFO = NO;
				SDKROOT = iphoneos;
				TARGETED_DEVICE_FAMILY = "1,2";
				VALIDATE_PRODUCT = YES;
			};
			name = Release;
		};
		68A711C31D05AD0C009DFCCB /* Debug */ = {
			isa = XCBuildConfiguration;
			baseConfigurationReference = EF70BBC584C36E621B1B48C7 /* Pods-MVVMBindings.debug.xcconfig */;
			buildSettings = {
				ASSETCATALOG_COMPILER_APPICON_NAME = AppIcon;
				INFOPLIST_FILE = MVVMBindings/Info.plist;
				LD_RUNPATH_SEARCH_PATHS = "$(inherited) @executable_path/Frameworks";
				PRODUCT_BUNDLE_IDENTIFIER = com.intrepid.MVVMBindings;
				PRODUCT_NAME = "$(TARGET_NAME)";
			};
			name = Debug;
		};
		68A711C41D05AD0C009DFCCB /* Release */ = {
			isa = XCBuildConfiguration;
			baseConfigurationReference = 9E62BD449A75F432117C475F /* Pods-MVVMBindings.release.xcconfig */;
			buildSettings = {
				ASSETCATALOG_COMPILER_APPICON_NAME = AppIcon;
				INFOPLIST_FILE = MVVMBindings/Info.plist;
				LD_RUNPATH_SEARCH_PATHS = "$(inherited) @executable_path/Frameworks";
				PRODUCT_BUNDLE_IDENTIFIER = com.intrepid.MVVMBindings;
				PRODUCT_NAME = "$(TARGET_NAME)";
			};
			name = Release;
		};
		68A711C61D05AD0C009DFCCB /* Debug */ = {
			isa = XCBuildConfiguration;
			baseConfigurationReference = 5B9354362E97636F4B294866 /* Pods-MVVMBindingsTests.debug.xcconfig */;
			buildSettings = {
				BUNDLE_LOADER = "$(TEST_HOST)";
				INFOPLIST_FILE = MVVMBindingsTests/Info.plist;
				LD_RUNPATH_SEARCH_PATHS = "$(inherited) @executable_path/Frameworks @loader_path/Frameworks";
				PRODUCT_BUNDLE_IDENTIFIER = com.intrepid.MVVMBindingsTests;
				PRODUCT_NAME = "$(TARGET_NAME)";
				TEST_HOST = "$(BUILT_PRODUCTS_DIR)/MVVMBindings.app/MVVMBindings";
			};
			name = Debug;
		};
		68A711C71D05AD0C009DFCCB /* Release */ = {
			isa = XCBuildConfiguration;
			baseConfigurationReference = C5DF847B68E2581DB6BCA2DD /* Pods-MVVMBindingsTests.release.xcconfig */;
			buildSettings = {
				BUNDLE_LOADER = "$(TEST_HOST)";
				INFOPLIST_FILE = MVVMBindingsTests/Info.plist;
				LD_RUNPATH_SEARCH_PATHS = "$(inherited) @executable_path/Frameworks @loader_path/Frameworks";
				PRODUCT_BUNDLE_IDENTIFIER = com.intrepid.MVVMBindingsTests;
				PRODUCT_NAME = "$(TARGET_NAME)";
				TEST_HOST = "$(BUILT_PRODUCTS_DIR)/MVVMBindings.app/MVVMBindings";
			};
			name = Release;
		};
		68A711C91D05AD0C009DFCCB /* Debug */ = {
			isa = XCBuildConfiguration;
			baseConfigurationReference = 5E7B1E0820B69E0C4C5D6C7A /* Pods-MVVMBindingsUITests.debug.xcconfig */;
			buildSettings = {
				INFOPLIST_FILE = MVVMBindingsUITests/Info.plist;
				LD_RUNPATH_SEARCH_PATHS = "$(inherited) @executable_path/Frameworks @loader_path/Frameworks";
				PRODUCT_BUNDLE_IDENTIFIER = com.intrepid.MVVMBindingsUITests;
				PRODUCT_NAME = "$(TARGET_NAME)";
				TEST_TARGET_NAME = MVVMBindings;
			};
			name = Debug;
		};
		68A711CA1D05AD0C009DFCCB /* Release */ = {
			isa = XCBuildConfiguration;
			baseConfigurationReference = 56AA65602985E4EB6A7FED07 /* Pods-MVVMBindingsUITests.release.xcconfig */;
			buildSettings = {
				INFOPLIST_FILE = MVVMBindingsUITests/Info.plist;
				LD_RUNPATH_SEARCH_PATHS = "$(inherited) @executable_path/Frameworks @loader_path/Frameworks";
				PRODUCT_BUNDLE_IDENTIFIER = com.intrepid.MVVMBindingsUITests;
				PRODUCT_NAME = "$(TARGET_NAME)";
				TEST_TARGET_NAME = MVVMBindings;
			};
			name = Release;
		};
/* End XCBuildConfiguration section */

/* Begin XCConfigurationList section */
		68A711951D05AD0B009DFCCB /* Build configuration list for PBXProject "MVVMBindings" */ = {
			isa = XCConfigurationList;
			buildConfigurations = (
				68A711C01D05AD0C009DFCCB /* Debug */,
				68A711C11D05AD0C009DFCCB /* Release */,
			);
			defaultConfigurationIsVisible = 0;
			defaultConfigurationName = Release;
		};
		68A711C21D05AD0C009DFCCB /* Build configuration list for PBXNativeTarget "MVVMBindings" */ = {
			isa = XCConfigurationList;
			buildConfigurations = (
				68A711C31D05AD0C009DFCCB /* Debug */,
				68A711C41D05AD0C009DFCCB /* Release */,
			);
			defaultConfigurationIsVisible = 0;
			defaultConfigurationName = Release;
		};
		68A711C51D05AD0C009DFCCB /* Build configuration list for PBXNativeTarget "MVVMBindingsTests" */ = {
			isa = XCConfigurationList;
			buildConfigurations = (
				68A711C61D05AD0C009DFCCB /* Debug */,
				68A711C71D05AD0C009DFCCB /* Release */,
			);
			defaultConfigurationIsVisible = 0;
			defaultConfigurationName = Release;
		};
		68A711C81D05AD0C009DFCCB /* Build configuration list for PBXNativeTarget "MVVMBindingsUITests" */ = {
			isa = XCConfigurationList;
			buildConfigurations = (
				68A711C91D05AD0C009DFCCB /* Debug */,
				68A711CA1D05AD0C009DFCCB /* Release */,
			);
			defaultConfigurationIsVisible = 0;
			defaultConfigurationName = Release;
		};
/* End XCConfigurationList section */
	};
	rootObject = 68A711921D05AD0B009DFCCB /* Project object */;
}
